
Microsoft Visual Studio Solution File, Format Version 12.00
# Visual Studio 15
VisualStudioVersion = 15.0.28307.902
MinimumVisualStudioVersion = 10.0.40219.1
Project("{FAE04EC0-301F-11D3-BF4B-00C04F79EFBC}") = "Helper", "Helper\Helper.csproj", "{36EA3F0D-4906-4EDA-AE1E-1ABCC0791879}"
EndProject
Project("{9A19103F-16F7-4668-BE54-9A1E7A4F7556}") = "DBAccess", "DBAccess\DBAccess.csproj", "{5DF5A8C0-6B64-4598-BB11-9A0B690E688B}"
EndProject
Global
	GlobalSection(SolutionConfigurationPlatforms) = preSolution
		Debug|Any CPU = Debug|Any CPU
		Release|Any CPU = Release|Any CPU
	EndGlobalSection
	GlobalSection(ProjectConfigurationPlatforms) = postSolution
		{36EA3F0D-4906-4EDA-AE1E-1ABCC0791879}.Debug|Any CPU.ActiveCfg = Debug|Any CPU
		{36EA3F0D-4906-4EDA-AE1E-1ABCC0791879}.Debug|Any CPU.Build.0 = Debug|Any CPU
		{36EA3F0D-4906-4EDA-AE1E-1ABCC0791879}.Release|Any CPU.ActiveCfg = Release|Any CPU
		{36EA3F0D-4906-4EDA-AE1E-1ABCC0791879}.Release|Any CPU.Build.0 = Release|Any CPU
		{5DF5A8C0-6B64-4598-BB11-9A0B690E688B}.Debug|Any CPU.ActiveCfg = Debug|Any CPU
		{5DF5A8C0-6B64-4598-BB11-9A0B690E688B}.Debug|Any CPU.Build.0 = Debug|Any CPU
		{5DF5A8C0-6B64-4598-BB11-9A0B690E688B}.Release|Any CPU.ActiveCfg = Release|Any CPU
		{5DF5A8C0-6B64-4598-BB11-9A0B690E688B}.Release|Any CPU.Build.0 = Release|Any CPU
	EndGlobalSection
	GlobalSection(SolutionProperties) = preSolution
		HideSolutionNode = FALSE
	EndGlobalSection
	GlobalSection(ExtensibilityGlobals) = postSolution
		SolutionGuid = {CED12821-37E1-43D2-8701-EC3555A762A1}
	EndGlobalSection
EndGlobal
